
Microsoft Visual Studio Solution File, Format Version 12.00
# Visual Studio Version 16
VisualStudioVersion = 16.0.30503.244
MinimumVisualStudioVersion = 10.0.40219.1
Project("{9A19103F-16F7-4668-BE54-9A1E7A4F7556}") = "A5Soft.A5App.Domain", "A5Soft.A5App.Domain\A5Soft.A5App.Domain.csproj", "{B9684EC1-D51C-4565-8270-C677B70FB5B7}"
EndProject
Project("{9A19103F-16F7-4668-BE54-9A1E7A4F7556}") = "A5Soft.A5App.Application", "A5Soft.A5App.Application\A5Soft.A5App.Application.csproj", "{0C565DC4-9987-4654-AF79-85EBAC22854C}"
EndProject
Project("{9A19103F-16F7-4668-BE54-9A1E7A4F7556}") = "A5Soft.A5App.Infrastructure", "A5Soft.A5App.Infrastructure\A5Soft.A5App.Infrastructure.csproj", "{70004A90-F5F7-4547-9312-5BB2216E2F58}"
EndProject
Project("{9A19103F-16F7-4668-BE54-9A1E7A4F7556}") = "A5Soft.A5App.Repositories", "A5Soft.A5App.Repositories\A5Soft.A5App.Repositories.csproj", "{8D4ADF4D-D19D-44A0-8353-A7FECF821701}"
EndProject
Project("{9A19103F-16F7-4668-BE54-9A1E7A4F7556}") = "A5Soft.A5App.WebApp", "A5Soft.A5App.WebApp\A5Soft.A5App.WebApp.csproj", "{50F42D24-BD20-4602-A372-A31F72BDD3C1}"
EndProject
Global
	GlobalSection(SolutionConfigurationPlatforms) = preSolution
		Debug|Any CPU = Debug|Any CPU
		Release|Any CPU = Release|Any CPU
	EndGlobalSection
	GlobalSection(ProjectConfigurationPlatforms) = postSolution
		{B9684EC1-D51C-4565-8270-C677B70FB5B7}.Debug|Any CPU.ActiveCfg = Debug|Any CPU
		{B9684EC1-D51C-4565-8270-C677B70FB5B7}.Debug|Any CPU.Build.0 = Debug|Any CPU
		{B9684EC1-D51C-4565-8270-C677B70FB5B7}.Release|Any CPU.ActiveCfg = Release|Any CPU
		{B9684EC1-D51C-4565-8270-C677B70FB5B7}.Release|Any CPU.Build.0 = Release|Any CPU
		{0C565DC4-9987-4654-AF79-85EBAC22854C}.Debug|Any CPU.ActiveCfg = Debug|Any CPU
		{0C565DC4-9987-4654-AF79-85EBAC22854C}.Debug|Any CPU.Build.0 = Debug|Any CPU
		{0C565DC4-9987-4654-AF79-85EBAC22854C}.Release|Any CPU.ActiveCfg = Release|Any CPU
		{0C565DC4-9987-4654-AF79-85EBAC22854C}.Release|Any CPU.Build.0 = Release|Any CPU
		{70004A90-F5F7-4547-9312-5BB2216E2F58}.Debug|Any CPU.ActiveCfg = Debug|Any CPU
		{70004A90-F5F7-4547-9312-5BB2216E2F58}.Debug|Any CPU.Build.0 = Debug|Any CPU
		{70004A90-F5F7-4547-9312-5BB2216E2F58}.Release|Any CPU.ActiveCfg = Release|Any CPU
		{70004A90-F5F7-4547-9312-5BB2216E2F58}.Release|Any CPU.Build.0 = Release|Any CPU
		{8D4ADF4D-D19D-44A0-8353-A7FECF821701}.Debug|Any CPU.ActiveCfg = Debug|Any CPU
		{8D4ADF4D-D19D-44A0-8353-A7FECF821701}.Debug|Any CPU.Build.0 = Debug|Any CPU
		{8D4ADF4D-D19D-44A0-8353-A7FECF821701}.Release|Any CPU.ActiveCfg = Release|Any CPU
		{8D4ADF4D-D19D-44A0-8353-A7FECF821701}.Release|Any CPU.Build.0 = Release|Any CPU
		{50F42D24-BD20-4602-A372-A31F72BDD3C1}.Debug|Any CPU.ActiveCfg = Debug|Any CPU
		{50F42D24-BD20-4602-A372-A31F72BDD3C1}.Debug|Any CPU.Build.0 = Debug|Any CPU
		{50F42D24-BD20-4602-A372-A31F72BDD3C1}.Release|Any CPU.ActiveCfg = Release|Any CPU
		{50F42D24-BD20-4602-A372-A31F72BDD3C1}.Release|Any CPU.Build.0 = Release|Any CPU
	EndGlobalSection
	GlobalSection(SolutionProperties) = preSolution
		HideSolutionNode = FALSE
	EndGlobalSection
	GlobalSection(ExtensibilityGlobals) = postSolution
		SolutionGuid = {4C2B2DAF-B77C-4C90-BD33-91C421F6F880}
	EndGlobalSection
EndGlobal
